
Microsoft Visual Studio Solution File, Format Version 12.00
# Visual Studio Version 16
VisualStudioVersion = 16.0.31829.152
MinimumVisualStudioVersion = 10.0.40219.1
Project("{FAE04EC0-301F-11D3-BF4B-00C04F79EFBC}") = "UC6", "UC6\UC6.csproj", "{49C48768-04D5-4B70-9DA6-95F1B80969CF}"
EndProject
Global
	GlobalSection(SolutionConfigurationPlatforms) = preSolution
		Debug|Any CPU = Debug|Any CPU
		Release|Any CPU = Release|Any CPU
	EndGlobalSection
	GlobalSection(ProjectConfigurationPlatforms) = postSolution
		{49C48768-04D5-4B70-9DA6-95F1B80969CF}.Debug|Any CPU.ActiveCfg = Debug|Any CPU
		{49C48768-04D5-4B70-9DA6-95F1B80969CF}.Debug|Any CPU.Build.0 = Debug|Any CPU
		{49C48768-04D5-4B70-9DA6-95F1B80969CF}.Release|Any CPU.ActiveCfg = Release|Any CPU
		{49C48768-04D5-4B70-9DA6-95F1B80969CF}.Release|Any CPU.Build.0 = Release|Any CPU
	EndGlobalSection
	GlobalSection(SolutionProperties) = preSolution
		HideSolutionNode = FALSE
	EndGlobalSection
	GlobalSection(ExtensibilityGlobals) = postSolution
		SolutionGuid = {DFF55B69-D467-457F-8A52-A3AB2D286CA1}
	EndGlobalSection
EndGlobal
